{
  "version": 4,
  "terraform_version": "0.12.23",
  "serial": 110,
  "lineage": "135adb98-5e4e-3df7-aea6-c7a58a95f411",
  "outputs": {
    "instance_ips": {
      "value": [
        [
          "52.205.9.237"
        ]
      ],
      "type": [
        "tuple",
        [
          [
            "tuple",
            [
              "string"
            ]
          ]
        ]
      ]
    }
  },
  "resources": [
    {
      "mode": "managed",
      "type": "aws_iam_instance_profile",
      "name": "linecount_profile",
      "provider": "provider.aws",
      "instances": [
        {
          "schema_version": 0,
          "attributes": {
            "arn": "arn:aws:iam::572028816325:instance-profile/terraform-20200331120750386400000004",
            "create_date": "2020-03-31T12:07:50Z",
            "id": "terraform-20200331120750386400000004",
            "name": "terraform-20200331120750386400000004",
            "name_prefix": null,
            "path": "/",
            "role": "terraform-20200331120749414800000001",
            "roles": [],
            "unique_id": "AIPAYKL4TBPC3NQQ24DDO"
          },
          "private": "bnVsbA==",
          "dependencies": [
            "aws_iam_role.linecount_role"
          ]
        }
      ]
    },
    {
      "mode": "managed",
      "type": "aws_iam_role",
      "name": "linecount_role",
      "provider": "provider.aws",
      "instances": [
        {
          "schema_version": 0,
          "attributes": {
            "arn": "arn:aws:iam::572028816325:role/terraform-20200331120749414800000001",
            "assume_role_policy": "{\"Version\":\"2012-10-17\",\"Statement\":[{\"Sid\":\"\",\"Effect\":\"Allow\",\"Principal\":{\"Service\":\"ec2.amazonaws.com\"},\"Action\":\"sts:AssumeRole\"}]}",
            "create_date": "2020-03-31T12:07:49Z",
            "description": "",
            "force_detach_policies": false,
            "id": "terraform-20200331120749414800000001",
            "max_session_duration": 3600,
            "name": "terraform-20200331120749414800000001",
            "name_prefix": null,
            "path": "/",
            "permissions_boundary": null,
            "tags": {
              "Application": "linecount"
            },
            "unique_id": "AROAYKL4TBPCYUPRLB5GA"
          },
          "private": "bnVsbA=="
        }
      ]
    },
    {
      "mode": "managed",
      "type": "aws_iam_role_policy",
      "name": "linecount_policy",
      "provider": "provider.aws",
      "instances": [
        {
          "schema_version": 0,
          "attributes": {
            "id": "terraform-20200331120749414800000001:terraform-20200331120750386300000003",
            "name": "terraform-20200331120750386300000003",
            "name_prefix": null,
            "policy": "{\n  \"Version\": \"2012-10-17\",\n  \"Statement\": [\n    {\n      \"Action\": [\n        \"s3:GetObject\",\n        \"s3:PutObject\"\n      ],\n      \"Effect\": \"Allow\",\n      \"Resource\": \"arn:aws:s3:::odm-linecount/*\"\n    }\n  ]\n}\n",
            "role": "terraform-20200331120749414800000001"
          },
          "private": "bnVsbA==",
          "dependencies": [
            "aws_iam_role.linecount_role"
          ]
        }
      ]
    },
    {
      "mode": "managed",
      "type": "aws_instance",
      "name": "linecount",
      "provider": "provider.aws",
      "instances": [
        {
          "schema_version": 1,
          "attributes": {
            "ami": "ami-017b013ef58a362fb",
            "arn": "arn:aws:ec2:us-east-1:572028816325:instance/i-0c245ed992112b25e",
            "associate_public_ip_address": true,
            "availability_zone": "us-east-1d",
            "cpu_core_count": 1,
            "cpu_threads_per_core": 1,
            "credit_specification": [
              {
                "cpu_credits": "standard"
              }
            ],
            "disable_api_termination": false,
            "ebs_block_device": [],
            "ebs_optimized": false,
            "ephemeral_block_device": [],
            "get_password_data": false,
            "hibernation": false,
            "host_id": null,
            "iam_instance_profile": "terraform-20200331120750386400000004",
            "id": "i-0c245ed992112b25e",
            "instance_initiated_shutdown_behavior": null,
            "instance_state": "running",
            "instance_type": "t2.micro",
            "ipv6_address_count": 0,
            "ipv6_addresses": [],
            "key_name": "linecount-ssh-key",
            "monitoring": false,
            "network_interface": [],
            "network_interface_id": null,
            "password_data": "",
            "placement_group": "",
            "primary_network_interface_id": "eni-00b0a33bd2bb58f1a",
            "private_dns": "ip-172-31-34-40.ec2.internal",
            "private_ip": "172.31.34.40",
            "public_dns": "ec2-52-205-9-237.compute-1.amazonaws.com",
            "public_ip": "52.205.9.237",
            "root_block_device": [
              {
                "delete_on_termination": true,
                "encrypted": false,
                "iops": 100,
                "kms_key_id": "",
                "volume_id": "vol-057793c9c93c17508",
                "volume_size": 15,
                "volume_type": "gp2"
              }
            ],
            "security_groups": [
              "terraform-20200331120749425200000002"
            ],
            "source_dest_check": true,
            "subnet_id": "subnet-13798549",
            "tags": {
              "Application": "linecount",
              "Environment": "prd"
            },
            "tenancy": "default",
            "timeouts": null,
            "user_data": null,
            "user_data_base64": null,
            "volume_tags": {},
            "vpc_security_group_ids": [
              "sg-05298994e352565ec"
            ]
          },
          "private": "eyJlMmJmYjczMC1lY2FhLTExZTYtOGY4OC0zNDM2M2JjN2M0YzAiOnsiY3JlYXRlIjo2MDAwMDAwMDAwMDAsImRlbGV0ZSI6MTIwMDAwMDAwMDAwMCwidXBkYXRlIjo2MDAwMDAwMDAwMDB9LCJzY2hlbWFfdmVyc2lvbiI6IjEifQ==",
          "dependencies": [
            "aws_iam_instance_profile.linecount_profile",
            "aws_iam_role.linecount_role",
            "aws_security_group.linecount_sg"
          ]
        }
      ]
    },
    {
      "mode": "managed",
      "type": "aws_key_pair",
      "name": "linecount_key_pair",
      "provider": "provider.aws",
      "instances": [
        {
          "schema_version": 1,
          "attributes": {
            "fingerprint": "b9:88:13:32:0c:54:25:53:8a:bd:87:fc:14:8c:71:a4",
            "id": "linecount-ssh-key",
            "key_name": "linecount-ssh-key",
            "key_name_prefix": null,
            "key_pair_id": "key-099d2e850586ccef1",
            "public_key": "ssh-rsa AAAAB3NzaC1yc2EAAAADAQABAAABAQDn/m6VZhis/1E5B71XLQO6KCCN2EuXaSNPe549henyYQbmMk1GG2KvV4bXepdXwULBJesd1QLaUqq176D0GftDv7SSUKV0kZTpYhdnDXCrIeXhBuSJtce9QovmX+1slGMnUEIqePgOTPFYVJ0iD4ojXNGVOo3VZDFo1JhvpVw0jETLIOKYFqcEUmgJSRJU1H8jFEpNmOIOuvuxTWjgZC98rUbAF+OqjOmNJbiFQ+wYQHz7PhXPjFjYipXfsodXYN/gdO6c2KQIsXuIX2x885s4UIqO5WmefPxZnrebHXLffRIWiEFp9hnNFteVNNkfDmuwJZBQXRgI6mb2f7Z1Dn59",
            "tags": null
          },
          "private": "eyJzY2hlbWFfdmVyc2lvbiI6IjEifQ=="
        }
      ]
    },
    {
      "mode": "managed",
      "type": "aws_s3_bucket",
      "name": "linecount_bucket",
      "provider": "provider.aws",
      "instances": [
        {
          "schema_version": 0,
          "attributes": {
            "acceleration_status": "",
            "acl": "public-read",
            "arn": "arn:aws:s3:::odm-linecount",
            "bucket": "odm-linecount",
            "bucket_domain_name": "odm-linecount.s3.amazonaws.com",
            "bucket_prefix": null,
            "bucket_regional_domain_name": "odm-linecount.s3.amazonaws.com",
            "cors_rule": [
              {
                "allowed_headers": [
                  "*"
                ],
                "allowed_methods": [
                  "GET",
                  "HEAD"
                ],
                "allowed_origins": [
                  "*"
                ],
                "expose_headers": [
                  "ETag"
                ],
                "max_age_seconds": 3000
              }
            ],
            "force_destroy": false,
            "grant": [],
            "hosted_zone_id": "Z3AQBSTGFYJSTF",
            "id": "odm-linecount",
            "lifecycle_rule": [],
            "logging": [],
            "object_lock_configuration": [],
            "policy": null,
            "region": "us-east-1",
            "replication_configuration": [],
            "request_payer": "BucketOwner",
            "server_side_encryption_configuration": [],
            "tags": {
              "Application": "linecount",
              "Environment": "prd"
            },
            "versioning": [
              {
                "enabled": false,
                "mfa_delete": false
              }
            ],
            "website": [
              {
                "error_document": "error.html",
                "index_document": "index.html",
                "redirect_all_requests_to": "",
                "routing_rules": ""
              }
            ],
            "website_domain": "s3-website-us-east-1.amazonaws.com",
            "website_endpoint": "odm-linecount.s3-website-us-east-1.amazonaws.com"
          }
        }
      ]
    },
    {
      "mode": "managed",
      "type": "aws_security_group",
      "name": "linecount_sg",
      "provider": "provider.aws",
      "instances": [
        {
          "schema_version": 1,
          "attributes": {
            "arn": "arn:aws:ec2:us-east-1:572028816325:security-group/sg-05298994e352565ec",
            "description": "Managed by Terraform",
            "egress": [
              {
                "cidr_blocks": [
                  "0.0.0.0/0"
                ],
                "description": "",
                "from_port": 0,
                "ipv6_cidr_blocks": [],
                "prefix_list_ids": [],
                "protocol": "-1",
                "security_groups": [],
                "self": false,
                "to_port": 0
              }
            ],
            "id": "sg-05298994e352565ec",
            "ingress": [
              {
                "cidr_blocks": [
                  "0.0.0.0/0"
                ],
                "description": "SSH from everywhere",
                "from_port": 22,
                "ipv6_cidr_blocks": [],
                "prefix_list_ids": [],
                "protocol": "tcp",
                "security_groups": [],
                "self": false,
                "to_port": 22
              },
              {
                "cidr_blocks": [
                  "0.0.0.0/0"
                ],
                "description": "TLS from everywhere",
                "from_port": 443,
                "ipv6_cidr_blocks": [],
                "prefix_list_ids": [],
                "protocol": "tcp",
                "security_groups": [],
                "self": false,
                "to_port": 443
              }
            ],
            "name": "terraform-20200331120749425200000002",
            "name_prefix": null,
            "owner_id": "572028816325",
            "revoke_rules_on_delete": false,
            "tags": {
              "Application": "linecount"
            },
            "timeouts": null,
            "vpc_id": "vpc-edf80c94"
          },
          "private": "eyJlMmJmYjczMC1lY2FhLTExZTYtOGY4OC0zNDM2M2JjN2M0YzAiOnsiY3JlYXRlIjo2MDAwMDAwMDAwMDAsImRlbGV0ZSI6NjAwMDAwMDAwMDAwfSwic2NoZW1hX3ZlcnNpb24iOiIxIn0="
        }
      ]
    }
  ]
}
